
Microsoft Visual Studio Solution File, Format Version 12.00
# Visual Studio Version 17
VisualStudioVersion = 17.8.34330.188
MinimumVisualStudioVersion = 10.0.40219.1
Project("{9A19103F-16F7-4668-BE54-9A1E7A4F7556}") = "TryinToSurvive", "TryinToSurvive\TryinToSurvive.csproj", "{E10B7C52-2F10-4B03-B7C9-00F34FC704E2}"
EndProject
Global
	GlobalSection(SolutionConfigurationPlatforms) = preSolution
		Debug|Any CPU = Debug|Any CPU
		Release|Any CPU = Release|Any CPU
	EndGlobalSection
	GlobalSection(ProjectConfigurationPlatforms) = postSolution
		{E10B7C52-2F10-4B03-B7C9-00F34FC704E2}.Debug|Any CPU.ActiveCfg = Debug|Any CPU
		{E10B7C52-2F10-4B03-B7C9-00F34FC704E2}.Debug|Any CPU.Build.0 = Debug|Any CPU
		{E10B7C52-2F10-4B03-B7C9-00F34FC704E2}.Release|Any CPU.ActiveCfg = Release|Any CPU
		{E10B7C52-2F10-4B03-B7C9-00F34FC704E2}.Release|Any CPU.Build.0 = Release|Any CPU
	EndGlobalSection
	GlobalSection(SolutionProperties) = preSolution
		HideSolutionNode = FALSE
	EndGlobalSection
	GlobalSection(ExtensibilityGlobals) = postSolution
		SolutionGuid = {BAC3A62A-0DE4-442D-9A4D-565CDB88BBC0}
	EndGlobalSection
EndGlobal
